{
  "requires": true,
  "lockfileVersion": 1,
  "dependencies": {
    "tailwind-scrollbar": {
      "version": "3.1.0",
      "resolved": "https://registry.npmjs.org/tailwind-scrollbar/-/tailwind-scrollbar-3.1.0.tgz",
      "integrity": "sha512-pmrtDIZeHyu2idTejfV59SbaJyvp1VRjYxAjZBH0jnyrPRo6HL1kD5Glz8VPagasqr6oAx6M05+Tuw429Z8jxg==",
      "dev": true
    }
  }
}
